
Microsoft Visual Studio Solution File, Format Version 12.00
# Visual Studio Version 17
VisualStudioVersion = 17.14.37216.2 d17.14
MinimumVisualStudioVersion = 10.0.40219.1
Project("{FAE04EC0-301F-11D3-BF4B-00C04F79EFBC}") = "reserva_canchas", "reserva_canchas\reserva_canchas.csproj", "{C9EB0D4A-6E3A-429A-981F-EC90F76D0A41}"
EndProject
Global
	GlobalSection(SolutionConfigurationPlatforms) = preSolution
		Debug|Any CPU = Debug|Any CPU
		Release|Any CPU = Release|Any CPU
	EndGlobalSection
	GlobalSection(ProjectConfigurationPlatforms) = postSolution
		{C9EB0D4A-6E3A-429A-981F-EC90F76D0A41}.Debug|Any CPU.ActiveCfg = Debug|Any CPU
		{C9EB0D4A-6E3A-429A-981F-EC90F76D0A41}.Debug|Any CPU.Build.0 = Debug|Any CPU
		{C9EB0D4A-6E3A-429A-981F-EC90F76D0A41}.Release|Any CPU.ActiveCfg = Release|Any CPU
		{C9EB0D4A-6E3A-429A-981F-EC90F76D0A41}.Release|Any CPU.Build.0 = Release|Any CPU
	EndGlobalSection
	GlobalSection(SolutionProperties) = preSolution
		HideSolutionNode = FALSE
	EndGlobalSection
	GlobalSection(ExtensibilityGlobals) = postSolution
		SolutionGuid = {7FB82FD7-9FC0-4BEF-AA99-6DD254FD1B4E}
	EndGlobalSection
EndGlobal
